
Microsoft Visual Studio Solution File, Format Version 12.00
# Visual Studio Version 16
VisualStudioVersion = 16.0.29509.3
MinimumVisualStudioVersion = 10.0.40219.1
Project("{FAE04EC0-301F-11D3-BF4B-00C04F79EFBC}") = "Prostokat-Trojkat", "Prostokat-Trojkat.csproj", "{3232D8B5-7F4F-445E-ACDB-469730FA581C}"
EndProject
Global
	GlobalSection(SolutionConfigurationPlatforms) = preSolution
		Debug|Any CPU = Debug|Any CPU
		Release|Any CPU = Release|Any CPU
	EndGlobalSection
	GlobalSection(ProjectConfigurationPlatforms) = postSolution
		{3232D8B5-7F4F-445E-ACDB-469730FA581C}.Debug|Any CPU.ActiveCfg = Debug|Any CPU
		{3232D8B5-7F4F-445E-ACDB-469730FA581C}.Debug|Any CPU.Build.0 = Debug|Any CPU
		{3232D8B5-7F4F-445E-ACDB-469730FA581C}.Release|Any CPU.ActiveCfg = Release|Any CPU
		{3232D8B5-7F4F-445E-ACDB-469730FA581C}.Release|Any CPU.Build.0 = Release|Any CPU
	EndGlobalSection
	GlobalSection(SolutionProperties) = preSolution
		HideSolutionNode = FALSE
	EndGlobalSection
	GlobalSection(ExtensibilityGlobals) = postSolution
		SolutionGuid = {B698F9CF-457F-4B5F-AB5B-8CA9264D1687}
	EndGlobalSection
EndGlobal
